
Microsoft Visual Studio Solution File, Format Version 12.00
# Visual Studio Version 17
VisualStudioVersion = 17.5.33627.172
MinimumVisualStudioVersion = 10.0.40219.1
Project("{FAE04EC0-301F-11D3-BF4B-00C04F79EFBC}") = "Database_Applcation", "Database_Applcation\Database_Applcation.csproj", "{8E9D4183-6957-46E8-B8B6-D6D02E403621}"
EndProject
Global
	GlobalSection(SolutionConfigurationPlatforms) = preSolution
		Debug|Any CPU = Debug|Any CPU
		Release|Any CPU = Release|Any CPU
	EndGlobalSection
	GlobalSection(ProjectConfigurationPlatforms) = postSolution
		{8E9D4183-6957-46E8-B8B6-D6D02E403621}.Debug|Any CPU.ActiveCfg = Debug|Any CPU
		{8E9D4183-6957-46E8-B8B6-D6D02E403621}.Debug|Any CPU.Build.0 = Debug|Any CPU
		{8E9D4183-6957-46E8-B8B6-D6D02E403621}.Release|Any CPU.ActiveCfg = Release|Any CPU
		{8E9D4183-6957-46E8-B8B6-D6D02E403621}.Release|Any CPU.Build.0 = Release|Any CPU
	EndGlobalSection
	GlobalSection(SolutionProperties) = preSolution
		HideSolutionNode = FALSE
	EndGlobalSection
	GlobalSection(ExtensibilityGlobals) = postSolution
		SolutionGuid = {EE6FDD81-4185-462C-A5E3-1C5A9FA21B8D}
	EndGlobalSection
EndGlobal
